
Microsoft Visual Studio Solution File, Format Version 12.00
# Visual Studio 14
VisualStudioVersion = 14.0.25420.1
MinimumVisualStudioVersion = 10.0.40219.1
Project("{2150E333-8FDC-42A3-9474-1A3956D46DE8}") = "3-Domain", "3-Domain", "{59EF423D-36F6-42F8-8AC8-E35CF8336CDB}"
EndProject
Project("{2150E333-8FDC-42A3-9474-1A3956D46DE8}") = "0-Presentation", "0-Presentation", "{3BD6B6AA-9D00-455D-99E7-6D83309D5414}"
EndProject
Project("{2150E333-8FDC-42A3-9474-1A3956D46DE8}") = "4-Infrastructure", "4-Infrastructure", "{B8634FD1-6A49-4808-8273-F2C42AB717B5}"
EndProject
Project("{2150E333-8FDC-42A3-9474-1A3956D46DE8}") = "1-Application", "1-Application", "{1E6DF14C-E047-4DC8-A3F4-8B6304708E2D}"
EndProject
Project("{FAE04EC0-301F-11D3-BF4B-00C04F79EFBC}") = "ProcessoSeletivo.Domain", "ProcessoSeletivo.Domain\ProcessoSeletivo.Domain.csproj", "{F81A41C6-E8A9-47F0-9A56-CD667A2CB933}"
EndProject
Project("{FAE04EC0-301F-11D3-BF4B-00C04F79EFBC}") = "ProcessoSeletivo.Infrastructure.Data", "ProcessoSeletivo.Infrastructure\ProcessoSeletivo.Infrastructure.Data.csproj", "{B2CB940A-1B04-485C-8AEF-4A80D304CF8C}"
EndProject
Project("{2150E333-8FDC-42A3-9474-1A3956D46DE8}") = "4.1-Data", "4.1-Data", "{058E3926-FDAE-4B13-984B-130BA1F0ECBC}"
EndProject
Project("{2150E333-8FDC-42A3-9474-1A3956D46DE8}") = "4.2-IoC", "4.2-IoC", "{32857CF7-40E0-4FC8-BA7C-A4EFCF536B84}"
EndProject
Project("{FAE04EC0-301F-11D3-BF4B-00C04F79EFBC}") = "ProcessoSeletivo.Application", "ProcessoSeletivo.Application\ProcessoSeletivo.Application.csproj", "{0626E16E-1273-4F19-80EE-72F7437A3E39}"
EndProject
Project("{2150E333-8FDC-42A3-9474-1A3956D46DE8}") = "2-Service", "2-Service", "{7EBA8EE5-7944-42A0-8499-B8F3FCBE83F7}"
EndProject
Project("{FAE04EC0-301F-11D3-BF4B-00C04F79EFBC}") = "ProcessoSeletivo.Application.WebApi", "ProcessoSeletivo.Service\ProcessoSeletivo.Application.WebApi.csproj", "{A3295BB6-8AA3-40AA-9A25-E90FFBB41E18}"
EndProject
Project("{FAE04EC0-301F-11D3-BF4B-00C04F79EFBC}") = "ProcessoSeletivo.Infrastructure.IoC", "ProcessoSeletivo.Infrastructure.IoC.Application\ProcessoSeletivo.Infrastructure.IoC.csproj", "{EBB93BEA-3157-4D6A-9ACF-882D9E105C37}"
EndProject
Project("{FAE04EC0-301F-11D3-BF4B-00C04F79EFBC}") = "ProcessoSeletivo.Presentation.MVC", "ProcessoSeletivo.Presentation.MVC\ProcessoSeletivo.Presentation.MVC.csproj", "{46854A3F-0186-4360-BDCB-90B2D333A362}"
EndProject
Project("{FAE04EC0-301F-11D3-BF4B-00C04F79EFBC}") = "ProcessoSeletivo.Presentation.WebForms", "ProcessoSeletivo.Presentation.WebForms\ProcessoSeletivo.Presentation.WebForms.csproj", "{0B5382CD-24B8-44BC-B0CC-31808AAE9BC7}"
EndProject
Global
	GlobalSection(SolutionConfigurationPlatforms) = preSolution
		Debug|Any CPU = Debug|Any CPU
		Release|Any CPU = Release|Any CPU
	EndGlobalSection
	GlobalSection(ProjectConfigurationPlatforms) = postSolution
		{F81A41C6-E8A9-47F0-9A56-CD667A2CB933}.Debug|Any CPU.ActiveCfg = Debug|Any CPU
		{F81A41C6-E8A9-47F0-9A56-CD667A2CB933}.Debug|Any CPU.Build.0 = Debug|Any CPU
		{F81A41C6-E8A9-47F0-9A56-CD667A2CB933}.Release|Any CPU.ActiveCfg = Release|Any CPU
		{F81A41C6-E8A9-47F0-9A56-CD667A2CB933}.Release|Any CPU.Build.0 = Release|Any CPU
		{B2CB940A-1B04-485C-8AEF-4A80D304CF8C}.Debug|Any CPU.ActiveCfg = Debug|Any CPU
		{B2CB940A-1B04-485C-8AEF-4A80D304CF8C}.Debug|Any CPU.Build.0 = Debug|Any CPU
		{B2CB940A-1B04-485C-8AEF-4A80D304CF8C}.Release|Any CPU.ActiveCfg = Release|Any CPU
		{B2CB940A-1B04-485C-8AEF-4A80D304CF8C}.Release|Any CPU.Build.0 = Release|Any CPU
		{0626E16E-1273-4F19-80EE-72F7437A3E39}.Debug|Any CPU.ActiveCfg = Debug|Any CPU
		{0626E16E-1273-4F19-80EE-72F7437A3E39}.Debug|Any CPU.Build.0 = Debug|Any CPU
		{0626E16E-1273-4F19-80EE-72F7437A3E39}.Release|Any CPU.ActiveCfg = Release|Any CPU
		{0626E16E-1273-4F19-80EE-72F7437A3E39}.Release|Any CPU.Build.0 = Release|Any CPU
		{A3295BB6-8AA3-40AA-9A25-E90FFBB41E18}.Debug|Any CPU.ActiveCfg = Debug|Any CPU
		{A3295BB6-8AA3-40AA-9A25-E90FFBB41E18}.Debug|Any CPU.Build.0 = Debug|Any CPU
		{A3295BB6-8AA3-40AA-9A25-E90FFBB41E18}.Release|Any CPU.ActiveCfg = Release|Any CPU
		{A3295BB6-8AA3-40AA-9A25-E90FFBB41E18}.Release|Any CPU.Build.0 = Release|Any CPU
		{EBB93BEA-3157-4D6A-9ACF-882D9E105C37}.Debug|Any CPU.ActiveCfg = Debug|Any CPU
		{EBB93BEA-3157-4D6A-9ACF-882D9E105C37}.Debug|Any CPU.Build.0 = Debug|Any CPU
		{EBB93BEA-3157-4D6A-9ACF-882D9E105C37}.Release|Any CPU.ActiveCfg = Release|Any CPU
		{EBB93BEA-3157-4D6A-9ACF-882D9E105C37}.Release|Any CPU.Build.0 = Release|Any CPU
		{46854A3F-0186-4360-BDCB-90B2D333A362}.Debug|Any CPU.ActiveCfg = Debug|Any CPU
		{46854A3F-0186-4360-BDCB-90B2D333A362}.Debug|Any CPU.Build.0 = Debug|Any CPU
		{46854A3F-0186-4360-BDCB-90B2D333A362}.Release|Any CPU.ActiveCfg = Release|Any CPU
		{46854A3F-0186-4360-BDCB-90B2D333A362}.Release|Any CPU.Build.0 = Release|Any CPU
		{0B5382CD-24B8-44BC-B0CC-31808AAE9BC7}.Debug|Any CPU.ActiveCfg = Debug|Any CPU
		{0B5382CD-24B8-44BC-B0CC-31808AAE9BC7}.Debug|Any CPU.Build.0 = Debug|Any CPU
		{0B5382CD-24B8-44BC-B0CC-31808AAE9BC7}.Release|Any CPU.ActiveCfg = Release|Any CPU
		{0B5382CD-24B8-44BC-B0CC-31808AAE9BC7}.Release|Any CPU.Build.0 = Release|Any CPU
	EndGlobalSection
	GlobalSection(SolutionProperties) = preSolution
		HideSolutionNode = FALSE
	EndGlobalSection
	GlobalSection(NestedProjects) = preSolution
		{F81A41C6-E8A9-47F0-9A56-CD667A2CB933} = {59EF423D-36F6-42F8-8AC8-E35CF8336CDB}
		{B2CB940A-1B04-485C-8AEF-4A80D304CF8C} = {058E3926-FDAE-4B13-984B-130BA1F0ECBC}
		{058E3926-FDAE-4B13-984B-130BA1F0ECBC} = {B8634FD1-6A49-4808-8273-F2C42AB717B5}
		{32857CF7-40E0-4FC8-BA7C-A4EFCF536B84} = {B8634FD1-6A49-4808-8273-F2C42AB717B5}
		{0626E16E-1273-4F19-80EE-72F7437A3E39} = {1E6DF14C-E047-4DC8-A3F4-8B6304708E2D}
		{A3295BB6-8AA3-40AA-9A25-E90FFBB41E18} = {1E6DF14C-E047-4DC8-A3F4-8B6304708E2D}
		{EBB93BEA-3157-4D6A-9ACF-882D9E105C37} = {32857CF7-40E0-4FC8-BA7C-A4EFCF536B84}
		{46854A3F-0186-4360-BDCB-90B2D333A362} = {3BD6B6AA-9D00-455D-99E7-6D83309D5414}
		{0B5382CD-24B8-44BC-B0CC-31808AAE9BC7} = {3BD6B6AA-9D00-455D-99E7-6D83309D5414}
	EndGlobalSection
EndGlobal
